
Microsoft Visual Studio Solution File, Format Version 11.00
# Visual Studio 2010
Project("{FAE04EC0-301F-11D3-BF4B-00C04F79EFBC}") = "Mictlanix.BE.Web", "Web\Mictlanix.BE.Web.csproj", "{D13A33DE-A12D-420E-ABB2-76A7C0F2E2E5}"
EndProject
Project("{FAE04EC0-301F-11D3-BF4B-00C04F79EFBC}") = "Mictlanix.BE.Model", "Model\Mictlanix.BE.Model.csproj", "{F9363BAC-A7BB-4A77-81E0-892C8CCCD297}"
EndProject
Project("{FAE04EC0-301F-11D3-BF4B-00C04F79EFBC}") = "Mictlanix.BE.Resources", "Resources\Mictlanix.BE.Resources.csproj", "{CBB1BA70-351E-4009-86FB-484810DC6364}"
EndProject
Project("{FAE04EC0-301F-11D3-BF4B-00C04F79EFBC}") = "Mictlanix.CFDLib", "CFDv2\Mictlanix.CFDLib.csproj", "{63EBACD8-7BB0-480F-81BF-5E0690B27112}"
EndProject
Global
	GlobalSection(SolutionConfigurationPlatforms) = preSolution
		Debug|Any CPU = Debug|Any CPU
		Release|Any CPU = Release|Any CPU
	EndGlobalSection
	GlobalSection(ProjectConfigurationPlatforms) = postSolution
		{63EBACD8-7BB0-480F-81BF-5E0690B27112}.Debug|Any CPU.ActiveCfg = Debug|Any CPU
		{63EBACD8-7BB0-480F-81BF-5E0690B27112}.Debug|Any CPU.Build.0 = Debug|Any CPU
		{63EBACD8-7BB0-480F-81BF-5E0690B27112}.Release|Any CPU.ActiveCfg = Release|Any CPU
		{63EBACD8-7BB0-480F-81BF-5E0690B27112}.Release|Any CPU.Build.0 = Release|Any CPU
		{CBB1BA70-351E-4009-86FB-484810DC6364}.Debug|Any CPU.ActiveCfg = Debug|Any CPU
		{CBB1BA70-351E-4009-86FB-484810DC6364}.Debug|Any CPU.Build.0 = Debug|Any CPU
		{CBB1BA70-351E-4009-86FB-484810DC6364}.Release|Any CPU.ActiveCfg = Release|Any CPU
		{CBB1BA70-351E-4009-86FB-484810DC6364}.Release|Any CPU.Build.0 = Release|Any CPU
		{D13A33DE-A12D-420E-ABB2-76A7C0F2E2E5}.Debug|Any CPU.ActiveCfg = Debug|Any CPU
		{D13A33DE-A12D-420E-ABB2-76A7C0F2E2E5}.Debug|Any CPU.Build.0 = Debug|Any CPU
		{D13A33DE-A12D-420E-ABB2-76A7C0F2E2E5}.Release|Any CPU.ActiveCfg = Release|Any CPU
		{D13A33DE-A12D-420E-ABB2-76A7C0F2E2E5}.Release|Any CPU.Build.0 = Release|Any CPU
		{F9363BAC-A7BB-4A77-81E0-892C8CCCD297}.Debug|Any CPU.ActiveCfg = Debug|Any CPU
		{F9363BAC-A7BB-4A77-81E0-892C8CCCD297}.Debug|Any CPU.Build.0 = Debug|Any CPU
		{F9363BAC-A7BB-4A77-81E0-892C8CCCD297}.Release|Any CPU.ActiveCfg = Release|Any CPU
		{F9363BAC-A7BB-4A77-81E0-892C8CCCD297}.Release|Any CPU.Build.0 = Release|Any CPU
	EndGlobalSection
	GlobalSection(MonoDevelopProperties) = preSolution
		StartupItem = Web\Mictlanix.BE.Web.csproj
	EndGlobalSection
	GlobalSection(SolutionProperties) = preSolution
		HideSolutionNode = FALSE
	EndGlobalSection
EndGlobal
